{
  "version": 4,
  "terraform_version": "0.14.11",
  "serial": 75,
  "lineage": "bdb89d8f-ff59-d50b-2828-5637dbaca81c",
  "outputs": {
    "redis_arn": {
      "value": "arn:aws:elasticache:us-east-1:030452289179:replicationgroup:redis-terraform-aws-redis",
      "type": "string"
    },
    "redis_default_password": {
      "value": "36cdH16nCBxN32xeQu9lWORKvE2n0gWv",
      "type": "string",
      "sensitive": true
    },
    "redis_port": {
      "value": 6379,
      "type": "number"
    }
  },
  "resources": [
    {
      "mode": "managed",
      "type": "aws_cloudwatch_log_group",
      "name": "redis_engine",
      "provider": "provider[\"registry.terraform.io/hashicorp/aws\"]",
      "instances": [
        {
          "schema_version": 0,
          "attributes": {
            "arn": "arn:aws:logs:us-east-1:030452289179:log-group:terraform-aws-redis-engine-jtlc2",
            "id": "terraform-aws-redis-engine-jtlc2",
            "kms_key_id": "",
            "name": "terraform-aws-redis-engine-jtlc2",
            "name_prefix": null,
            "retention_in_days": 0,
            "tags": {
              "cost": "shared",
              "creator": "terraform",
              "git": "terraform-aws-redis"
            },
            "tags_all": {
              "cost": "shared",
              "creator": "terraform",
              "git": "terraform-aws-redis"
            }
          },
          "sensitive_attributes": [],
          "private": "bnVsbA==",
          "dependencies": [
            "random_string.identifier"
          ]
        }
      ]
    },
    {
      "mode": "managed",
      "type": "aws_cloudwatch_log_group",
      "name": "redis_slow",
      "provider": "provider[\"registry.terraform.io/hashicorp/aws\"]",
      "instances": [
        {
          "schema_version": 0,
          "attributes": {
            "arn": "arn:aws:logs:us-east-1:030452289179:log-group:terraform-aws-redis-slow-jtlc2",
            "id": "terraform-aws-redis-slow-jtlc2",
            "kms_key_id": "",
            "name": "terraform-aws-redis-slow-jtlc2",
            "name_prefix": null,
            "retention_in_days": 0,
            "tags": {
              "cost": "shared",
              "creator": "terraform",
              "git": "terraform-aws-redis"
            },
            "tags_all": {
              "cost": "shared",
              "creator": "terraform",
              "git": "terraform-aws-redis"
            }
          },
          "sensitive_attributes": [],
          "private": "bnVsbA==",
          "dependencies": [
            "random_string.identifier"
          ]
        }
      ]
    },
    {
      "mode": "managed",
      "type": "aws_elasticache_parameter_group",
      "name": "this",
      "provider": "provider[\"registry.terraform.io/hashicorp/aws\"]",
      "instances": [
        {
          "schema_version": 0,
          "attributes": {
            "arn": "arn:aws:elasticache:us-east-1:030452289179:parametergroup:terraform-aws-redis-reddis-cluster-jtlc2",
            "description": "Redis default cluster parameter group",
            "family": "redis3.2",
            "id": "terraform-aws-redis-reddis-cluster-jtlc2",
            "name": "terraform-aws-redis-reddis-cluster-jtlc2",
            "parameter": [
              {
                "name": "cluster-enabled",
                "value": "yes"
              }
            ],
            "tags": null,
            "tags_all": {}
          },
          "sensitive_attributes": [],
          "private": "bnVsbA==",
          "dependencies": [
            "random_string.identifier"
          ]
        }
      ]
    },
    {
      "mode": "managed",
      "type": "aws_elasticache_replication_group",
      "name": "this",
      "provider": "provider[\"registry.terraform.io/hashicorp/aws\"]",
      "instances": [
        {
          "schema_version": 1,
          "attributes": {
            "apply_immediately": null,
            "arn": "arn:aws:elasticache:us-east-1:030452289179:replicationgroup:redis-terraform-aws-redis",
            "at_rest_encryption_enabled": true,
            "auth_token": "36cdH16nCBxN32xeQu9lWORKvE2n0gWv",
            "auto_minor_version_upgrade": "true",
            "automatic_failover_enabled": true,
            "availability_zones": [
              "us-east-1a"
            ],
            "cluster_enabled": true,
            "cluster_mode": [
              {
                "num_node_groups": 1,
                "replicas_per_node_group": 2
              }
            ],
            "configuration_endpoint_address": "clustercfg.redis-terraform-aws-redis.xarnpt.use1.cache.amazonaws.com",
            "data_tiering_enabled": false,
            "description": "Redis Replication Group",
            "engine": "redis",
            "engine_version": "3.2.6",
            "engine_version_actual": "3.2.6",
            "final_snapshot_identifier": null,
            "global_replication_group_id": null,
            "id": "redis-terraform-aws-redis",
            "kms_key_id": "",
            "log_delivery_configuration": [],
            "maintenance_window": "sun:07:00-sun:08:00",
            "member_clusters": [
              "redis-terraform-aws-redis-0001-001",
              "redis-terraform-aws-redis-0001-002",
              "redis-terraform-aws-redis-0001-003"
            ],
            "multi_az_enabled": true,
            "node_type": "cache.t2.micro",
            "notification_topic_arn": null,
            "num_cache_clusters": 3,
            "num_node_groups": 1,
            "number_cache_clusters": 3,
            "parameter_group_name": "terraform-aws-redis-reddis-cluster-jtlc2",
            "port": 6379,
            "preferred_cache_cluster_azs": null,
            "primary_endpoint_address": null,
            "reader_endpoint_address": null,
            "replicas_per_node_group": 2,
            "replication_group_description": "Redis Replication Group",
            "replication_group_id": "redis-terraform-aws-redis",
            "security_group_ids": [
              "sg-0ac9982a2b3809de7"
            ],
            "security_group_names": [],
            "snapshot_arns": null,
            "snapshot_name": null,
            "snapshot_retention_limit": 0,
            "snapshot_window": "06:00-07:00",
            "subnet_group_name": "terraform-aws-redis-sg-jtlc2",
            "tags": null,
            "tags_all": {},
            "timeouts": null,
            "transit_encryption_enabled": true,
            "user_group_ids": null
          },
          "sensitive_attributes": [],
          "private": "eyJlMmJmYjczMC1lY2FhLTExZTYtOGY4OC0zNDM2M2JjN2M0YzAiOnsiY3JlYXRlIjozNjAwMDAwMDAwMDAwLCJkZWxldGUiOjI0MDAwMDAwMDAwMDAsInVwZGF0ZSI6MjQwMDAwMDAwMDAwMH0sInNjaGVtYV92ZXJzaW9uIjoiMSJ9",
          "dependencies": [
            "aws_elasticache_parameter_group.this",
            "aws_elasticache_subnet_group.this",
            "aws_security_group.this",
            "random_password.password",
            "random_string.identifier"
          ]
        }
      ]
    },
    {
      "mode": "managed",
      "type": "aws_elasticache_subnet_group",
      "name": "this",
      "provider": "provider[\"registry.terraform.io/hashicorp/aws\"]",
      "instances": [
        {
          "schema_version": 0,
          "attributes": {
            "arn": "arn:aws:elasticache:us-east-1:030452289179:subnetgroup:terraform-aws-redis-sg-jtlc2",
            "description": "private subnets for the elastic cache cluster",
            "id": "terraform-aws-redis-sg-jtlc2",
            "name": "terraform-aws-redis-sg-jtlc2",
            "subnet_ids": [
              "subnet-0a28415e260239f42",
              "subnet-0c885bba2c43df0db"
            ],
            "tags": null,
            "tags_all": {}
          },
          "sensitive_attributes": [],
          "private": "bnVsbA==",
          "dependencies": [
            "random_string.identifier"
          ]
        }
      ]
    },
    {
      "mode": "managed",
      "type": "aws_security_group",
      "name": "this",
      "provider": "provider[\"registry.terraform.io/hashicorp/aws\"]",
      "instances": [
        {
          "schema_version": 1,
          "attributes": {
            "arn": "arn:aws:ec2:us-east-1:030452289179:security-group/sg-0ac9982a2b3809de7",
            "description": "Managed by Terraform",
            "egress": [],
            "id": "sg-0ac9982a2b3809de7",
            "ingress": [],
            "name": "terraform-aws-redis-redis-20220724162551284500000001",
            "name_prefix": "terraform-aws-redis-redis-",
            "owner_id": "030452289179",
            "revoke_rules_on_delete": false,
            "tags": {
              "cost": "shared",
              "creator": "terraform",
              "git": "terraform-aws-redis"
            },
            "tags_all": {
              "cost": "shared",
              "creator": "terraform",
              "git": "terraform-aws-redis"
            },
            "timeouts": null,
            "vpc_id": "vpc-09c23c912f752ac32"
          },
          "sensitive_attributes": [],
          "private": "eyJlMmJmYjczMC1lY2FhLTExZTYtOGY4OC0zNDM2M2JjN2M0YzAiOnsiY3JlYXRlIjo2MDAwMDAwMDAwMDAsImRlbGV0ZSI6OTAwMDAwMDAwMDAwfSwic2NoZW1hX3ZlcnNpb24iOiIxIn0="
        }
      ]
    },
    {
      "mode": "managed",
      "type": "aws_security_group_rule",
      "name": "this",
      "provider": "provider[\"registry.terraform.io/hashicorp/aws\"]",
      "instances": [
        {
          "schema_version": 2,
          "attributes": {
            "cidr_blocks": [
              "0.0.0.0/0"
            ],
            "description": "ingress redis inbound rule",
            "from_port": 6379,
            "id": "sgrule-2849910420",
            "ipv6_cidr_blocks": null,
            "prefix_list_ids": null,
            "protocol": "tcp",
            "security_group_id": "sg-0ac9982a2b3809de7",
            "self": false,
            "source_security_group_id": null,
            "to_port": 6379,
            "type": "ingress"
          },
          "sensitive_attributes": [],
          "private": "eyJzY2hlbWFfdmVyc2lvbiI6IjIifQ==",
          "dependencies": [
            "aws_security_group.this"
          ]
        }
      ]
    },
    {
      "mode": "managed",
      "type": "aws_ssm_parameter",
      "name": "this",
      "provider": "provider[\"registry.terraform.io/hashicorp/aws\"]",
      "instances": [
        {
          "schema_version": 0,
          "attributes": {
            "allowed_pattern": "",
            "arn": "arn:aws:ssm:us-east-1:030452289179:parameter/terraform-aws-redis-redis",
            "data_type": "text",
            "description": "redis password",
            "id": "terraform-aws-redis-redis",
            "insecure_value": null,
            "key_id": "alias/aws/ssm",
            "name": "terraform-aws-redis-redis",
            "overwrite": null,
            "tags": {
              "cost": "shared",
              "creator": "terraform",
              "git": "terraform-aws-redis"
            },
            "tags_all": {
              "cost": "shared",
              "creator": "terraform",
              "git": "terraform-aws-redis"
            },
            "tier": "Standard",
            "type": "SecureString",
            "value": "36cdH16nCBxN32xeQu9lWORKvE2n0gWv",
            "version": 1
          },
          "sensitive_attributes": [],
          "private": "bnVsbA==",
          "dependencies": [
            "random_password.password"
          ],
          "create_before_destroy": true
        }
      ]
    },
    {
      "mode": "managed",
      "type": "random_password",
      "name": "password",
      "provider": "provider[\"registry.terraform.io/hashicorp/random\"]",
      "instances": [
        {
          "schema_version": 2,
          "attributes": {
            "bcrypt_hash": "$2a$10$fFiYvLF8rsducQ6LNBz8dejlDrtqjsEBkHjrlUyW/ARIwGUE6PMC2",
            "id": "none",
            "keepers": null,
            "length": 32,
            "lower": true,
            "min_lower": 0,
            "min_numeric": 0,
            "min_special": 0,
            "min_upper": 0,
            "number": true,
            "numeric": true,
            "override_special": null,
            "result": "36cdH16nCBxN32xeQu9lWORKvE2n0gWv",
            "special": false,
            "upper": true
          },
          "sensitive_attributes": [],
          "private": "eyJzY2hlbWFfdmVyc2lvbiI6IjIifQ==",
          "create_before_destroy": true
        }
      ]
    },
    {
      "mode": "managed",
      "type": "random_string",
      "name": "identifier",
      "provider": "provider[\"registry.terraform.io/hashicorp/random\"]",
      "instances": [
        {
          "schema_version": 2,
          "attributes": {
            "id": "jtlc2",
            "keepers": null,
            "length": 5,
            "lower": true,
            "min_lower": 0,
            "min_numeric": 0,
            "min_special": 0,
            "min_upper": 0,
            "number": true,
            "numeric": true,
            "override_special": null,
            "result": "jtlc2",
            "special": false,
            "upper": false
          },
          "sensitive_attributes": [],
          "private": "eyJzY2hlbWFfdmVyc2lvbiI6IjIifQ=="
        }
      ]
    }
  ]
}
